{
  "version": 4,
  "terraform_version": "1.0.4",
  "serial": 25,
  "lineage": "ac5ed4b2-e9f9-52a5-2de2-6484d70ae14b",
  "outputs": {
    "ntp_policy_moid": {
      "value": "611f3c546275722d309e772d",
      "type": "string"
    },
    "organization": {
      "value": "5ddea3c26972652d3353b72d",
      "type": "string"
    },
    "profile_moid": {
      "value": "611f3c5077696e2d30cd7c79",
      "type": "string"
    }
  },
  "resources": [
    {
      "mode": "data",
      "type": "intersight_organization_organization",
      "name": "default",
      "provider": "provider[\"registry.terraform.io/ciscodevnet/intersight\"]",
      "instances": [
        {
          "schema_version": 0,
          "attributes": {
            "account_moid": null,
            "class_id": null,
            "create_time": null,
            "description": null,
            "domain_group_moid": null,
            "id": "5ddea3c26972652d3353b72d",
            "mod_time": null,
            "moid": null,
            "name": "default",
            "object_type": null,
            "results": [
              {
                "account": [
                  {
                    "additional_properties": "",
                    "class_id": "mo.MoRef",
                    "moid": "5981daad3e95200001005cc7",
                    "object_type": "iam.Account",
                    "selector": ""
                  }
                ],
                "account_moid": "5981daad3e95200001005cc7",
                "additional_properties": "",
                "ancestors": [],
                "class_id": "organization.Organization",
                "create_time": "2019-11-27 16:26:42.403 +0000 UTC",
                "description": "User in a Default Organization automatically has access to all the resources available for the User Account. If required, a User with Account Administrator privileges can remove resources from the default organization.",
                "domain_group_moid": "5b2541887a7662743465cea2",
                "mod_time": "2019-11-27 16:26:42.407 +0000 UTC",
                "moid": "5ddea3c26972652d3353b72d",
                "name": "default",
                "object_type": "organization.Organization",
                "owners": [
                  "5981daad3e95200001005cc7"
                ],
                "parent": [],
                "permission_resources": [
                  {
                    "additional_properties": "",
                    "class_id": "mo.MoRef",
                    "moid": "5ddea3c26972652d3353b72d",
                    "object_type": "organization.Organization",
                    "selector": ""
                  }
                ],
                "resource_groups": [
                  {
                    "additional_properties": "",
                    "class_id": "mo.MoRef",
                    "moid": "5ddea3c26972652d3353b716",
                    "object_type": "resource.Group",
                    "selector": ""
                  }
                ],
                "shared_scope": "",
                "tags": [],
                "version_context": []
              }
            ],
            "shared_scope": null
          },
          "sensitive_attributes": []
        }
      ]
    },
    {
      "mode": "data",
      "type": "vsphere_compute_cluster",
      "name": "cluster",
      "provider": "provider[\"registry.terraform.io/hashicorp/vsphere\"]",
      "instances": [
        {
          "schema_version": 0,
          "attributes": {
            "datacenter_id": "datacenter-21",
            "id": "domain-c26",
            "name": "HX-2",
            "resource_pool_id": "resgroup-27"
          },
          "sensitive_attributes": []
        }
      ]
    },
    {
      "mode": "data",
      "type": "vsphere_datacenter",
      "name": "dc",
      "provider": "provider[\"registry.terraform.io/hashicorp/vsphere\"]",
      "instances": [
        {
          "schema_version": 0,
          "attributes": {
            "id": "datacenter-21",
            "name": "Pod4"
          },
          "sensitive_attributes": []
        }
      ]
    },
    {
      "mode": "data",
      "type": "vsphere_datastore",
      "name": "datastore",
      "provider": "provider[\"registry.terraform.io/hashicorp/vsphere\"]",
      "instances": [
        {
          "schema_version": 0,
          "attributes": {
            "datacenter_id": "datacenter-21",
            "id": "datastore-46",
            "name": "Datastore1"
          },
          "sensitive_attributes": []
        }
      ]
    },
    {
      "mode": "data",
      "type": "vsphere_network",
      "name": "network",
      "provider": "provider[\"registry.terraform.io/hashicorp/vsphere\"]",
      "instances": [
        {
          "schema_version": 0,
          "attributes": {
            "datacenter_id": "datacenter-21",
            "distributed_virtual_switch_uuid": null,
            "id": "dvportgroup-244",
            "name": "common|Mgmt|demoWeb",
            "type": "DistributedVirtualPortgroup"
          },
          "sensitive_attributes": []
        }
      ]
    },
    {
      "mode": "data",
      "type": "vsphere_resource_pool",
      "name": "pool",
      "provider": "provider[\"registry.terraform.io/hashicorp/vsphere\"]",
      "instances": [
        {
          "schema_version": 0,
          "attributes": {
            "datacenter_id": "datacenter-21",
            "id": "resgroup-373",
            "name": "terraform"
          },
          "sensitive_attributes": []
        }
      ]
    },
    {
      "mode": "data",
      "type": "vsphere_virtual_machine",
      "name": "template",
      "provider": "provider[\"registry.terraform.io/hashicorp/vsphere\"]",
      "instances": [
        {
          "schema_version": 0,
          "attributes": {
            "alternate_guest_name": "",
            "annotation": "",
            "boot_delay": 0,
            "boot_retry_delay": 10000,
            "boot_retry_enabled": false,
            "change_version": "2021-08-20T04:47:46.013603Z",
            "cpu_hot_add_enabled": false,
            "cpu_hot_remove_enabled": false,
            "cpu_limit": -1,
            "cpu_performance_counters_enabled": false,
            "cpu_reservation": 0,
            "cpu_share_count": 4000,
            "cpu_share_level": "normal",
            "datacenter_id": "datacenter-21",
            "disks": [
              {
                "eagerly_scrub": true,
                "label": "Hard disk 1",
                "size": 50,
                "thin_provisioned": false,
                "unit_number": 0
              }
            ],
            "efi_secure_boot_enabled": false,
            "enable_disk_uuid": true,
            "enable_logging": true,
            "ept_rvi_mode": "automatic",
            "extra_config": {},
            "firmware": "bios",
            "guest_id": "windows9Server64Guest",
            "guest_ip_addresses": [],
            "hardware_version": 13,
            "hv_mode": "hvAuto",
            "id": "4205717d-f677-1dd3-a770-503a56158b8a",
            "ide_controller_scan_count": 2,
            "latency_sensitivity": "normal",
            "memory": 8192,
            "memory_hot_add_enabled": false,
            "memory_limit": -1,
            "memory_reservation": 0,
            "memory_share_count": 81920,
            "memory_share_level": "normal",
            "name": "Windows-Server-template",
            "nested_hv_enabled": false,
            "network_interface_types": [
              "e1000e",
              "e1000e",
              "e1000e"
            ],
            "num_cores_per_socket": 1,
            "num_cpus": 4,
            "run_tools_scripts_after_power_on": true,
            "run_tools_scripts_after_resume": true,
            "run_tools_scripts_before_guest_reboot": false,
            "run_tools_scripts_before_guest_shutdown": true,
            "run_tools_scripts_before_guest_standby": true,
            "sata_controller_scan_count": 0,
            "scsi_bus_sharing": "noSharing",
            "scsi_controller_scan_count": 1,
            "scsi_type": "lsilogic-sas",
            "storage_policy_id": null,
            "swap_placement_policy": "inherit",
            "sync_time_with_host": false,
            "uuid": "4205717d-f677-1dd3-a770-503a56158b8a",
            "vapp": null,
            "vapp_transport": []
          },
          "sensitive_attributes": []
        }
      ]
    },
    {
      "mode": "managed",
      "type": "intersight_ntp_policy",
      "name": "ntp1",
      "provider": "provider[\"registry.terraform.io/ciscodevnet/intersight\"]",
      "instances": [
        {
          "schema_version": 0,
          "attributes": {
            "account_moid": "5981daad3e95200001005cc7",
            "additional_properties": "{\"AccountMoid\":\"5981daad3e95200001005cc7\",\"Ancestors\":[],\"CreateTime\":\"2021-08-20T05:23:32.804Z\",\"DomainGroupMoid\":\"5b2541887a7662743465cea2\",\"ModTime\":\"2021-08-20T05:23:32.805Z\",\"Moid\":\"611f3c546275722d309e772d\",\"Owners\":[\"5981daad3e95200001005cc7\"],\"PermissionResources\":[{\"ClassId\":\"mo.MoRef\",\"Moid\":\"5ddea3c26972652d3353b72d\",\"ObjectType\":\"organization.Organization\",\"link\":\"https://www.intersight.com/api/v1/organization/Organizations/5ddea3c26972652d3353b72d\"}],\"SharedScope\":\"\",\"Tags\":[]}",
            "ancestors": [],
            "appliance_account": [],
            "authenticated_ntp_servers": [],
            "class_id": "ntp.Policy",
            "create_time": "2021-08-20 05:23:32.804 +0000 UTC",
            "description": "on-prem terraform",
            "domain_group_moid": "5b2541887a7662743465cea2",
            "enabled": true,
            "id": "611f3c546275722d309e772d",
            "mod_time": "2021-08-20 05:23:32.805 +0000 UTC",
            "moid": "611f3c546275722d309e772d",
            "name": "terraform_ntp",
            "ntp_servers": [
              "ntp.esl.cisco.com",
              "time-a-g.nist.gov",
              "time-b-g.nist.gov"
            ],
            "object_type": "ntp.Policy",
            "organization": [
              {
                "additional_properties": "",
                "class_id": "mo.MoRef",
                "moid": "5ddea3c26972652d3353b72d",
                "object_type": "organization.Organization",
                "selector": ""
              }
            ],
            "owners": [
              "5981daad3e95200001005cc7"
            ],
            "parent": [],
            "permission_resources": [
              {
                "additional_properties": "",
                "class_id": "mo.MoRef",
                "moid": "5ddea3c26972652d3353b72d",
                "object_type": "organization.Organization",
                "selector": ""
              }
            ],
            "profiles": [
              {
                "additional_properties": "",
                "class_id": "mo.MoRef",
                "moid": "611f3c5077696e2d30cd7c79",
                "object_type": "server.Profile",
                "selector": ""
              }
            ],
            "shared_scope": "",
            "tags": [],
            "timezone": "Asia/Manila",
            "version_context": []
          },
          "sensitive_attributes": [],
          "private": "bnVsbA==",
          "dependencies": [
            "data.intersight_organization_organization.default",
            "intersight_server_profile.server1"
          ]
        }
      ]
    },
    {
      "mode": "managed",
      "type": "intersight_server_profile",
      "name": "server1",
      "provider": "provider[\"registry.terraform.io/ciscodevnet/intersight\"]",
      "instances": [
        {
          "schema_version": 0,
          "attributes": {
            "account_moid": "5981daad3e95200001005cc7",
            "action": "No-op",
            "additional_properties": "{\"AccountMoid\":\"5981daad3e95200001005cc7\",\"Action\":\"No-op\",\"Ancestors\":[],\"ConfigContext\":{\"ClassId\":\"policy.ConfigContext\",\"ConfigState\":\"Not-assigned\",\"ConfigType\":\"\",\"ControlAction\":\"No-op\",\"ErrorState\":\"\",\"ObjectType\":\"policy.ConfigContext\",\"OperState\":\"\"},\"CreateTime\":\"2021-08-20T05:23:28.59Z\",\"Description\":\"\",\"DomainGroupMoid\":\"5b2541887a7662743465cea2\",\"ModTime\":\"2021-08-20T05:23:28.591Z\",\"Moid\":\"611f3c5077696e2d30cd7c79\",\"Name\":\"terraform-demo-serviceprofile\",\"Owners\":[\"5981daad3e95200001005cc7\"],\"PermissionResources\":[{\"ClassId\":\"mo.MoRef\",\"Moid\":\"5ddea3c26972652d3353b72d\",\"ObjectType\":\"organization.Organization\",\"link\":\"https://www.intersight.com/api/v1/organization/Organizations/5ddea3c26972652d3353b72d\"}],\"PolicyBucket\":[],\"SharedScope\":\"\",\"SrcTemplate\":null,\"Tags\":[{\"Key\":\"owner\",\"Value\":\"chris\"},{\"Key\":\"loc\",\"Value\":\"Manila\"}],\"Type\":\"instance\"}",
            "ancestors": [],
            "assigned_server": [],
            "associated_server": [],
            "class_id": "server.Profile",
            "config_change_context": [
              {
                "additional_properties": "",
                "class_id": "policy.ConfigChangeContext",
                "config_change_error": "",
                "config_change_state": "Ok",
                "initial_config_context": [
                  {
                    "additional_properties": "{\"ConfigType\":\"\"}",
                    "class_id": "policy.ConfigContext",
                    "config_state": "",
                    "control_action": "",
                    "error_state": "",
                    "object_type": "policy.ConfigContext",
                    "oper_state": ""
                  }
                ],
                "object_type": "policy.ConfigChangeContext"
              }
            ],
            "config_change_details": [],
            "config_changes": [
              {
                "additional_properties": "",
                "changes": [],
                "class_id": "policy.ConfigChange",
                "disruptions": [],
                "object_type": "policy.ConfigChange"
              }
            ],
            "config_context": [
              {
                "additional_properties": "{\"ConfigType\":\"\"}",
                "class_id": "policy.ConfigContext",
                "config_state": "Not-assigned",
                "control_action": "No-op",
                "error_state": "",
                "object_type": "policy.ConfigContext",
                "oper_state": ""
              }
            ],
            "config_result": [
              {
                "additional_properties": "",
                "class_id": "mo.MoRef",
                "moid": "611f3c5077696e2d30cd7c7c",
                "object_type": "server.ConfigResult",
                "selector": ""
              }
            ],
            "create_time": "2021-08-20 05:23:28.59 +0000 UTC",
            "description": "",
            "domain_group_moid": "5b2541887a7662743465cea2",
            "id": "611f3c5077696e2d30cd7c79",
            "is_pmc_deployed_secure_passphrase_set": false,
            "mod_time": "2021-08-20 05:23:28.591 +0000 UTC",
            "moid": "611f3c5077696e2d30cd7c79",
            "name": "terraform-demo-serviceprofile",
            "object_type": "server.Profile",
            "organization": [
              {
                "additional_properties": "",
                "class_id": "mo.MoRef",
                "moid": "5ddea3c26972652d3353b72d",
                "object_type": "organization.Organization",
                "selector": ""
              }
            ],
            "owners": [
              "5981daad3e95200001005cc7"
            ],
            "parent": [],
            "permission_resources": [
              {
                "additional_properties": "",
                "class_id": "mo.MoRef",
                "moid": "5ddea3c26972652d3353b72d",
                "object_type": "organization.Organization",
                "selector": ""
              }
            ],
            "pmc_deployed_secure_passphrase": null,
            "policy_bucket": [],
            "running_workflows": [],
            "shared_scope": "",
            "src_template": [],
            "tags": [
              {
                "additional_properties": "",
                "key": "owner",
                "value": "chris"
              },
              {
                "additional_properties": "",
                "key": "loc",
                "value": "Manila"
              }
            ],
            "target_platform": "Standalone",
            "type": "instance",
            "version_context": [],
            "wait_for_completion": true
          },
          "sensitive_attributes": [],
          "private": "bnVsbA==",
          "dependencies": [
            "data.intersight_organization_organization.default"
          ]
        }
      ]
    },
    {
      "mode": "managed",
      "type": "intersight_vnic_eth_adapter_policy",
      "name": "v_eth_adapter1",
      "provider": "provider[\"registry.terraform.io/ciscodevnet/intersight\"]",
      "instances": [
        {
          "schema_version": 0,
          "attributes": {
            "account_moid": "5981daad3e95200001005cc7",
            "additional_properties": "{\"AccountMoid\":\"5981daad3e95200001005cc7\",\"Ancestors\":[],\"CreateTime\":\"2021-08-20T05:23:29.018Z\",\"DomainGroupMoid\":\"5b2541887a7662743465cea2\",\"ModTime\":\"2021-08-20T05:23:29.019Z\",\"Moid\":\"611f3c50b13bb5b5427079e9\",\"Owners\":[\"5981daad3e95200001005cc7\"],\"PermissionResources\":[{\"ClassId\":\"mo.MoRef\",\"Moid\":\"5ddea3c26972652d3353b72d\",\"ObjectType\":\"organization.Organization\",\"link\":\"https://www.intersight.com/api/v1/organization/Organizations/5ddea3c26972652d3353b72d\"}],\"SharedScope\":\"\",\"Tags\":[]}",
            "advanced_filter": false,
            "ancestors": [],
            "arfs_settings": [
              {
                "additional_properties": "",
                "class_id": "vnic.ArfsSettings",
                "enabled": true,
                "object_type": "vnic.ArfsSettings"
              }
            ],
            "class_id": "vnic.EthAdapterPolicy",
            "completion_queue_settings": [
              {
                "additional_properties": "",
                "class_id": "vnic.CompletionQueueSettings",
                "nr_count": 4,
                "object_type": "vnic.CompletionQueueSettings",
                "ring_size": 1
              }
            ],
            "create_time": "2021-08-20 05:23:29.018 +0000 UTC",
            "description": "",
            "domain_group_moid": "5b2541887a7662743465cea2",
            "geneve_enabled": false,
            "id": "611f3c50b13bb5b5427079e9",
            "interrupt_scaling": false,
            "interrupt_settings": [
              {
                "additional_properties": "",
                "class_id": "vnic.EthInterruptSettings",
                "coalescing_time": 125,
                "coalescing_type": "MIN",
                "mode": "MSI",
                "nr_count": 4,
                "object_type": "vnic.EthInterruptSettings"
              }
            ],
            "mod_time": "2021-08-20 05:23:29.019 +0000 UTC",
            "moid": "611f3c50b13bb5b5427079e9",
            "name": "v_eth_adapter1-Terraform",
            "nvgre_settings": [
              {
                "additional_properties": "",
                "class_id": "vnic.NvgreSettings",
                "enabled": true,
                "object_type": "vnic.NvgreSettings"
              }
            ],
            "object_type": "vnic.EthAdapterPolicy",
            "organization": [
              {
                "additional_properties": "",
                "class_id": "mo.MoRef",
                "moid": "5ddea3c26972652d3353b72d",
                "object_type": "organization.Organization",
                "selector": ""
              }
            ],
            "owners": [
              "5981daad3e95200001005cc7"
            ],
            "parent": [],
            "permission_resources": [
              {
                "additional_properties": "",
                "class_id": "mo.MoRef",
                "moid": "5ddea3c26972652d3353b72d",
                "object_type": "organization.Organization",
                "selector": ""
              }
            ],
            "roce_settings": [
              {
                "additional_properties": "",
                "class_id": "vnic.RoceSettings",
                "class_of_service": 5,
                "enabled": false,
                "memory_regions": 0,
                "nr_version": 1,
                "object_type": "vnic.RoceSettings",
                "queue_pairs": 0,
                "resource_groups": 0
              }
            ],
            "rss_hash_settings": [
              {
                "additional_properties": "",
                "class_id": "vnic.RssHashSettings",
                "ipv4_hash": true,
                "ipv6_ext_hash": false,
                "ipv6_hash": true,
                "object_type": "vnic.RssHashSettings",
                "tcp_ipv4_hash": true,
                "tcp_ipv6_ext_hash": false,
                "tcp_ipv6_hash": true,
                "udp_ipv4_hash": false,
                "udp_ipv6_hash": false
              }
            ],
            "rss_settings": true,
            "rx_queue_settings": [
              {
                "additional_properties": "",
                "class_id": "vnic.EthRxQueueSettings",
                "nr_count": 4,
                "object_type": "vnic.EthRxQueueSettings",
                "ring_size": 512
              }
            ],
            "shared_scope": "",
            "tags": [],
            "tcp_offload_settings": [
              {
                "additional_properties": "",
                "class_id": "vnic.TcpOffloadSettings",
                "large_receive": true,
                "large_send": true,
                "object_type": "vnic.TcpOffloadSettings",
                "rx_checksum": true,
                "tx_checksum": true
              }
            ],
            "tx_queue_settings": [
              {
                "additional_properties": "",
                "class_id": "vnic.EthTxQueueSettings",
                "nr_count": 4,
                "object_type": "vnic.EthTxQueueSettings",
                "ring_size": 512
              }
            ],
            "uplink_failback_timeout": 5,
            "version_context": [],
            "vxlan_settings": [
              {
                "additional_properties": "",
                "class_id": "vnic.VxlanSettings",
                "enabled": false,
                "object_type": "vnic.VxlanSettings"
              }
            ]
          },
          "sensitive_attributes": [],
          "private": "bnVsbA==",
          "dependencies": [
            "data.intersight_organization_organization.default"
          ]
        }
      ]
    },
    {
      "mode": "managed",
      "type": "intersight_vnic_lan_connectivity_policy",
      "name": "vnic_lan1",
      "provider": "provider[\"registry.terraform.io/ciscodevnet/intersight\"]",
      "instances": [
        {
          "schema_version": 0,
          "attributes": {
            "account_moid": "5981daad3e95200001005cc7",
            "additional_properties": "{\"AccountMoid\":\"5981daad3e95200001005cc7\",\"Ancestors\":[],\"CreateTime\":\"2021-08-20T05:23:28.593Z\",\"DomainGroupMoid\":\"5b2541887a7662743465cea2\",\"ModTime\":\"2021-08-20T05:23:28.593Z\",\"Moid\":\"611f3c50b13bb5b5427079e2\",\"Owners\":[\"5981daad3e95200001005cc7\"],\"PermissionResources\":[{\"ClassId\":\"mo.MoRef\",\"Moid\":\"5ddea3c26972652d3353b72d\",\"ObjectType\":\"organization.Organization\",\"link\":\"https://www.intersight.com/api/v1/organization/Organizations/5ddea3c26972652d3353b72d\"}],\"SharedScope\":\"\",\"Tags\":[]}",
            "ancestors": [],
            "azure_qos_enabled": false,
            "class_id": "vnic.LanConnectivityPolicy",
            "create_time": "2021-08-20 05:23:28.593 +0000 UTC",
            "description": "demo vnic lan connectivity policy",
            "domain_group_moid": "5b2541887a7662743465cea2",
            "eth_ifs": [],
            "id": "611f3c50b13bb5b5427079e2",
            "iqn_allocation_type": "None",
            "iqn_pool": [],
            "mod_time": "2021-08-20 05:23:28.593 +0000 UTC",
            "moid": "611f3c50b13bb5b5427079e2",
            "name": "vnic_lan1",
            "object_type": "vnic.LanConnectivityPolicy",
            "organization": [
              {
                "additional_properties": "",
                "class_id": "mo.MoRef",
                "moid": "5ddea3c26972652d3353b72d",
                "object_type": "organization.Organization",
                "selector": ""
              }
            ],
            "owners": [
              "5981daad3e95200001005cc7"
            ],
            "parent": [],
            "permission_resources": [
              {
                "additional_properties": "",
                "class_id": "mo.MoRef",
                "moid": "5ddea3c26972652d3353b72d",
                "object_type": "organization.Organization",
                "selector": ""
              }
            ],
            "placement_mode": "auto",
            "profiles": [],
            "shared_scope": "",
            "static_iqn_name": "",
            "tags": [],
            "target_platform": "FIAttached",
            "version_context": []
          },
          "sensitive_attributes": [],
          "private": "bnVsbA==",
          "dependencies": [
            "data.intersight_organization_organization.default"
          ]
        }
      ]
    },
    {
      "mode": "managed",
      "type": "vsphere_virtual_machine",
      "name": "vm",
      "provider": "provider[\"registry.terraform.io/hashicorp/vsphere\"]",
      "instances": [
        {
          "status": "tainted",
          "schema_version": 3,
          "attributes": {
            "alternate_guest_name": null,
            "annotation": null,
            "boot_delay": null,
            "boot_retry_delay": 10000,
            "boot_retry_enabled": null,
            "cdrom": [],
            "change_version": null,
            "clone": [
              {
                "customize": [],
                "linked_clone": false,
                "ovf_network_map": null,
                "ovf_storage_map": null,
                "template_uuid": "4205717d-f677-1dd3-a770-503a56158b8a",
                "timeout": 30
              }
            ],
            "cpu_hot_add_enabled": null,
            "cpu_hot_remove_enabled": null,
            "cpu_limit": -1,
            "cpu_performance_counters_enabled": null,
            "cpu_reservation": null,
            "cpu_share_count": null,
            "cpu_share_level": "normal",
            "custom_attributes": null,
            "datacenter_id": null,
            "datastore_cluster_id": null,
            "datastore_id": "datastore-46",
            "default_ip_address": null,
            "disk": [
              {
                "attach": false,
                "controller_type": "scsi",
                "datastore_id": "datastore-46",
                "device_address": "scsi:0:0",
                "disk_mode": "persistent",
                "disk_sharing": "sharingNone",
                "eagerly_scrub": true,
                "io_limit": -1,
                "io_reservation": 0,
                "io_share_count": 1000,
                "io_share_level": "normal",
                "keep_on_remove": false,
                "key": 2000,
                "label": "disk0",
                "name": "",
                "path": "Terraform_VM/Terraform_VM_840235.vmdk",
                "size": 50,
                "storage_policy_id": "",
                "thin_provisioned": false,
                "unit_number": 0,
                "uuid": "6000C29d-2d71-7e64-30fa-e4bd00d93f9b",
                "write_through": false
              }
            ],
            "efi_secure_boot_enabled": null,
            "enable_disk_uuid": null,
            "enable_logging": null,
            "ept_rvi_mode": "automatic",
            "extra_config": null,
            "firmware": "bios",
            "folder": null,
            "force_power_off": true,
            "guest_id": "windows9Server64Guest",
            "guest_ip_addresses": null,
            "hardware_version": null,
            "host_system_id": null,
            "hv_mode": "hvAuto",
            "id": "4205f66a-fd5d-efe1-6016-b49875e56ec0",
            "ide_controller_count": 2,
            "ignored_guest_ips": null,
            "imported": null,
            "latency_sensitivity": "normal",
            "memory": 2048,
            "memory_hot_add_enabled": null,
            "memory_limit": -1,
            "memory_reservation": null,
            "memory_share_count": null,
            "memory_share_level": "normal",
            "migrate_wait_timeout": 30,
            "moid": null,
            "name": "Terraform_VM",
            "nested_hv_enabled": null,
            "network_interface": [
              {
                "adapter_type": "vmxnet3",
                "bandwidth_limit": -1,
                "bandwidth_reservation": 0,
                "bandwidth_share_count": 0,
                "bandwidth_share_level": "normal",
                "device_address": "pci:0:7",
                "key": 4000,
                "mac_address": "",
                "network_id": "dvportgroup-244",
                "ovf_mapping": "",
                "use_static_mac": false
              }
            ],
            "num_cores_per_socket": 1,
            "num_cpus": 1,
            "ovf_deploy": [],
            "pci_device_id": null,
            "poweron_timeout": 300,
            "reboot_required": true,
            "resource_pool_id": "resgroup-373",
            "run_tools_scripts_after_power_on": true,
            "run_tools_scripts_after_resume": true,
            "run_tools_scripts_before_guest_reboot": null,
            "run_tools_scripts_before_guest_shutdown": true,
            "run_tools_scripts_before_guest_standby": true,
            "sata_controller_count": 0,
            "scsi_bus_sharing": "noSharing",
            "scsi_controller_count": 1,
            "scsi_type": "pvscsi",
            "shutdown_wait_timeout": 3,
            "storage_policy_id": null,
            "swap_placement_policy": "inherit",
            "sync_time_with_host": null,
            "tags": null,
            "uuid": null,
            "vapp": [],
            "vapp_transport": null,
            "vmware_tools_status": null,
            "vmx_path": null,
            "wait_for_guest_ip_timeout": 0,
            "wait_for_guest_net_routable": true,
            "wait_for_guest_net_timeout": 5
          },
          "sensitive_attributes": [],
          "private": "eyJzY2hlbWFfdmVyc2lvbiI6IjMifQ==",
          "dependencies": [
            "data.vsphere_datastore.datastore",
            "data.vsphere_network.network",
            "data.vsphere_resource_pool.pool",
            "data.vsphere_virtual_machine.template"
          ]
        }
      ]
    }
  ]
}
